<?xml version="1.0" encoding="utf-8"?>
<Project ToolsVersion="4.0" xmlns="http://schemas.microsoft.com/developer/msbuild/2003">
  <ItemGroup>
    <ClCompile Include="main.cpp" />
    <ClCompile Include="App.cpp" />
    <ClCompile Include="Viewer.cpp" />
    <ClCompile Include="Map.cpp" />
    <ClCompile Include="Object.cpp" />
    <ClCompile Include="Character.cpp" />
    <ClCompile Include="GoldMine.cpp" />
    <ClCompile Include="Miner.cpp" />
    <ClCompile Include="Material.cpp" />
    <ClCompile Include="Facility.cpp" />
    <ClCompile Include="MinersFactory.cpp" />
    <ClCompile Include="Miners.cpp" />
    <ClCompile Include="GoldMines.cpp" />
    <ClCompile Include="MinersFactorys.cpp" />
    <ClCompile Include="Forest.cpp" />
    <ClCompile Include="Forests.cpp" />
    <ClCompile Include="PioneerFactory.cpp" />
    <ClCompile Include="PioneerFactorys.cpp" />
    <ClCompile Include="Pioneer.cpp" />
    <ClCompile Include="Pioneers.cpp" />
  </ItemGroup>
  <ItemGroup>
    <ClInclude Include="App.h" />
    <ClInclude Include="Viewer.h" />
    <ClInclude Include="Chip.h" />
    <ClInclude Include="Coord.h" />
    <ClInclude Include="Map.h" />
    <ClInclude Include="Object.h" />
    <ClInclude Include="Character.h" />
    <ClInclude Include="GoldMine.h" />
    <ClInclude Include="Miner.h" />
    <ClInclude Include="Material.h" />
    <ClInclude Include="Facility.h" />
    <ClInclude Include="MinersFactory.h" />
    <ClInclude Include="Miners.h" />
    <ClInclude Include="GoldMines.h" />
    <ClInclude Include="MinersFactorys.h" />
    <ClInclude Include="Forest.h" />
    <ClInclude Include="Forests.h" />
    <ClInclude Include="PioneerFactory.h" />
    <ClInclude Include="PioneerFactorys.h" />
    <ClInclude Include="Pioneer.h" />
    <ClInclude Include="Pioneers.h" />
  </ItemGroup>
</Project>