
Microsoft Visual Studio Solution File, Format Version 12.00
# Visual Studio 2013
VisualStudioVersion = 12.0.40629.0
MinimumVisualStudioVersion = 10.0.40219.1
Project("{8BC9CEB8-8B4A-11D0-8D11-00A0C91BC942}") = "GameAwards2016(ReMake)", "GameAwards2016(ReMake)\GameAwards2016(ReMake).vcxproj", "{49639B5A-DD1F-441C-882F-1D1691EA52C2}"
EndProject
Project("{8BC9CEB8-8B4A-11D0-8D11-00A0C91BC942}") = "FrameworkLib", "FrameworkLib\FrameworkLib.vcxproj", "{6DCC4D27-E34A-4B2E-BE9F-885B23C01543}"
EndProject
Global
	GlobalSection(SolutionConfigurationPlatforms) = preSolution
		Debug|Win32 = Debug|Win32
		Release|Win32 = Release|Win32
	EndGlobalSection
	GlobalSection(ProjectConfigurationPlatforms) = postSolution
		{49639B5A-DD1F-441C-882F-1D1691EA52C2}.Debug|Win32.ActiveCfg = Debug|Win32
		{49639B5A-DD1F-441C-882F-1D1691EA52C2}.Debug|Win32.Build.0 = Debug|Win32
		{49639B5A-DD1F-441C-882F-1D1691EA52C2}.Release|Win32.ActiveCfg = Release|Win32
		{49639B5A-DD1F-441C-882F-1D1691EA52C2}.Release|Win32.Build.0 = Release|Win32
		{6DCC4D27-E34A-4B2E-BE9F-885B23C01543}.Debug|Win32.ActiveCfg = Debug|Win32
		{6DCC4D27-E34A-4B2E-BE9F-885B23C01543}.Debug|Win32.Build.0 = Debug|Win32
		{6DCC4D27-E34A-4B2E-BE9F-885B23C01543}.Release|Win32.ActiveCfg = Release|Win32
		{6DCC4D27-E34A-4B2E-BE9F-885B23C01543}.Release|Win32.Build.0 = Release|Win32
	EndGlobalSection
	GlobalSection(SolutionProperties) = preSolution
		HideSolutionNode = FALSE
	EndGlobalSection
EndGlobal
