<?xml version="1.0" encoding="utf-8"?>
<Project ToolsVersion="4.0" xmlns="http://schemas.microsoft.com/developer/msbuild/2003">
  <ItemGroup>
    <ClCompile Include="Base.cpp" />
    <ClCompile Include="Bases.cpp" />
    <ClCompile Include="Bulletin.cpp" />
    <ClCompile Include="Bulletins.cpp" />
    <ClCompile Include="Charger.cpp" />
    <ClCompile Include="Chargers.cpp" />
    <ClCompile Include="Facilities.cpp" />
    <ClCompile Include="Facility.cpp" />
    <ClCompile Include="Line.cpp" />
    <ClCompile Include="Map.cpp" />
    <ClCompile Include="Mgr.cpp" />
    <ClCompile Include="Object.cpp" />
    <ClCompile Include="Powerplant.cpp" />
    <ClCompile Include="Refineries.cpp" />
    <ClCompile Include="Refinery.cpp" />
    <ClCompile Include="Packets.cpp" />
    <ClCompile Include="Packet.cpp" />
  </ItemGroup>
  <ItemGroup>
    <ClInclude Include="Base.h" />
    <ClInclude Include="Bases.h" />
    <ClInclude Include="Bulletin.h" />
    <ClInclude Include="Bulletins.h" />
    <ClInclude Include="Charger.h" />
    <ClInclude Include="Chargers.h" />
    <ClInclude Include="Chip.h" />
    <ClInclude Include="Coord.h" />
    <ClInclude Include="Facilities.h" />
    <ClInclude Include="Facility.h" />
    <ClInclude Include="Line.h" />
    <ClInclude Include="Map.h" />
    <ClInclude Include="Mgr.h" />
    <ClInclude Include="Object.h" />
    <ClInclude Include="Powerplant.h" />
    <ClInclude Include="Ratio.h" />
    <ClInclude Include="Refineries.h" />
    <ClInclude Include="Refinery.h" />
    <ClInclude Include="Packets.h" />
    <ClInclude Include="Packet.h" />
  </ItemGroup>
</Project>