<?xml version="1.0" encoding="utf-8"?>
<Project ToolsVersion="4.0" xmlns="http://schemas.microsoft.com/developer/msbuild/2003">
  <ItemGroup>
    <ClCompile Include="Base.cpp" />
    <ClCompile Include="Bases.cpp" />
    <ClCompile Include="Bulletin.cpp" />
    <ClCompile Include="Bulletins.cpp" />
    <ClCompile Include="Character.cpp" />
    <ClCompile Include="Charger.cpp" />
    <ClCompile Include="Chargers.cpp" />
    <ClCompile Include="Facilities.cpp" />
    <ClCompile Include="Facility.cpp" />
    <ClCompile Include="Forest.cpp" />
    <ClCompile Include="Forests.cpp" />
    <ClCompile Include="GoldMine.cpp" />
    <ClCompile Include="GoldMines.cpp" />
    <ClCompile Include="Line.cpp" />
    <ClCompile Include="Map.cpp" />
    <ClCompile Include="Material.cpp" />
    <ClCompile Include="Mgr.cpp" />
    <ClCompile Include="Miner.cpp" />
    <ClCompile Include="Miners.cpp" />
    <ClCompile Include="Object.cpp" />
    <ClCompile Include="Packet.cpp" />
    <ClCompile Include="Pioneer.cpp" />
    <ClCompile Include="Pioneers.cpp" />
    <ClCompile Include="Powerplant.cpp" />
    <ClCompile Include="RatioCoord.cpp" />
    <ClCompile Include="Refineries.cpp" />
    <ClCompile Include="Refinery.cpp" />
    <ClCompile Include="UnitMap.cpp" />
    <ClCompile Include="Enemies.cpp" />
    <ClCompile Include="Enemy.cpp" />
    <ClCompile Include="Guardian.cpp" />
    <ClCompile Include="Guardians.cpp" />
    <ClCompile Include="GuardiansFactories.cpp" />
    <ClCompile Include="GuardiansFactory.cpp" />
  </ItemGroup>
  <ItemGroup>
    <ClInclude Include="Base.h" />
    <ClInclude Include="Bases.h" />
    <ClInclude Include="Bulletin.h" />
    <ClInclude Include="Bulletins.h" />
    <ClInclude Include="Character.h" />
    <ClInclude Include="CharacterType.h" />
    <ClInclude Include="Charger.h" />
    <ClInclude Include="Chargers.h" />
    <ClInclude Include="Chip.h" />
    <ClInclude Include="Coord.h" />
    <ClInclude Include="Facilities.h" />
    <ClInclude Include="Facility.h" />
    <ClInclude Include="Forest.h" />
    <ClInclude Include="Forests.h" />
    <ClInclude Include="GoldMine.h" />
    <ClInclude Include="GoldMines.h" />
    <ClInclude Include="Line.h" />
    <ClInclude Include="Map.h" />
    <ClInclude Include="Mgr.h" />
    <ClInclude Include="Miner.h" />
    <ClInclude Include="Miners.h" />
    <ClInclude Include="Object.h" />
    <ClInclude Include="Packet.h" />
    <ClInclude Include="Pioneer.h" />
    <ClInclude Include="Pioneers.h" />
    <ClInclude Include="Powerplant.h" />
    <ClInclude Include="Ratio.h" />
    <ClInclude Include="RatioCoord.h" />
    <ClInclude Include="Refineries.h" />
    <ClInclude Include="Refinery.h" />
    <ClInclude Include="UnitMap.h" />
    <ClInclude Include="Material.h" />
    <ClInclude Include="Enemies.h" />
    <ClInclude Include="Enemy.h" />
    <ClInclude Include="Guardian.h" />
    <ClInclude Include="Guardians.h" />
    <ClInclude Include="GuardiansFactories.h" />
    <ClInclude Include="GuardiansFactory.h" />
  </ItemGroup>
</Project>